
Microsoft Visual Studio Solution File, Format Version 12.00
# Visual Studio Version 17
VisualStudioVersion = 17.6.33815.320
MinimumVisualStudioVersion = 10.0.40219.1
Project("{FAE04EC0-301F-11D3-BF4B-00C04F79EFBC}") = "AnchorzUp.Api", "anchorz-up-api\AnchorzUp.Api.csproj", "{325B3BD7-EB81-44E5-AF49-B7C743FC2712}"
EndProject
Project("{FAE04EC0-301F-11D3-BF4B-00C04F79EFBC}") = "AnchorzUp.Core", "AnchorzUp.Core\AnchorzUp.Core.csproj", "{3C57F0F5-2723-4281-98E2-E51CF2F8F8DD}"
EndProject
Project("{FAE04EC0-301F-11D3-BF4B-00C04F79EFBC}") = "AnchorzUp.Infrastructure", "AnchorzUp.Infrastructure\AnchorzUp.Infrastructure.csproj", "{B9A1B50F-6AF4-41EC-B283-6B8475DF6FD0}"
EndProject
Global
	GlobalSection(SolutionConfigurationPlatforms) = preSolution
		Debug|Any CPU = Debug|Any CPU
		Release|Any CPU = Release|Any CPU
	EndGlobalSection
	GlobalSection(ProjectConfigurationPlatforms) = postSolution
		{325B3BD7-EB81-44E5-AF49-B7C743FC2712}.Debug|Any CPU.ActiveCfg = Debug|Any CPU
		{325B3BD7-EB81-44E5-AF49-B7C743FC2712}.Debug|Any CPU.Build.0 = Debug|Any CPU
		{325B3BD7-EB81-44E5-AF49-B7C743FC2712}.Release|Any CPU.ActiveCfg = Release|Any CPU
		{325B3BD7-EB81-44E5-AF49-B7C743FC2712}.Release|Any CPU.Build.0 = Release|Any CPU
		{3C57F0F5-2723-4281-98E2-E51CF2F8F8DD}.Debug|Any CPU.ActiveCfg = Debug|Any CPU
		{3C57F0F5-2723-4281-98E2-E51CF2F8F8DD}.Debug|Any CPU.Build.0 = Debug|Any CPU
		{3C57F0F5-2723-4281-98E2-E51CF2F8F8DD}.Release|Any CPU.ActiveCfg = Release|Any CPU
		{3C57F0F5-2723-4281-98E2-E51CF2F8F8DD}.Release|Any CPU.Build.0 = Release|Any CPU
		{B9A1B50F-6AF4-41EC-B283-6B8475DF6FD0}.Debug|Any CPU.ActiveCfg = Debug|Any CPU
		{B9A1B50F-6AF4-41EC-B283-6B8475DF6FD0}.Debug|Any CPU.Build.0 = Debug|Any CPU
		{B9A1B50F-6AF4-41EC-B283-6B8475DF6FD0}.Release|Any CPU.ActiveCfg = Release|Any CPU
		{B9A1B50F-6AF4-41EC-B283-6B8475DF6FD0}.Release|Any CPU.Build.0 = Release|Any CPU
	EndGlobalSection
	GlobalSection(SolutionProperties) = preSolution
		HideSolutionNode = FALSE
	EndGlobalSection
	GlobalSection(ExtensibilityGlobals) = postSolution
		SolutionGuid = {E7CD91F8-B6BF-4DB9-BCB9-2AB42929D635}
	EndGlobalSection
EndGlobal
